// !$*UTF8*$!
{
	archiveVersion = 1;
	classes = {
	};
	objectVersion = 56;
	objects = {

/* Begin PBXBuildFile section */
		F95ED2732C43D372002D118B /* App723App.swift in Sources */ = {isa = PBXBuildFile; fileRef = F95ED2722C43D372002D118B /* App723App.swift */; };
		F95ED2752C43D372002D118B /* ContentView.swift in Sources */ = {isa = PBXBuildFile; fileRef = F95ED2742C43D372002D118B /* ContentView.swift */; };
		F95ED2772C43D374002D118B /* Assets.xcassets in Resources */ = {isa = PBXBuildFile; fileRef = F95ED2762C43D374002D118B /* Assets.xcassets */; };
		F95ED27A2C43D374002D118B /* Preview Assets.xcassets in Resources */ = {isa = PBXBuildFile; fileRef = F95ED2792C43D374002D118B /* Preview Assets.xcassets */; };
		F95ED2812C43D3A8002D118B /* Launch Screen.storyboard in Resources */ = {isa = PBXBuildFile; fileRef = F95ED2802C43D3A8002D118B /* Launch Screen.storyboard */; };
		F95ED2842C43D3CF002D118B /* LoadingView.swift in Sources */ = {isa = PBXBuildFile; fileRef = F95ED2832C43D3CF002D118B /* LoadingView.swift */; };
		F95ED28A2C43D3DF002D118B /* Reviewers_1.swift in Sources */ = {isa = PBXBuildFile; fileRef = F95ED2892C43D3DF002D118B /* Reviewers_1.swift */; };
		F95ED28C2C43D3E3002D118B /* Reviewers_2.swift in Sources */ = {isa = PBXBuildFile; fileRef = F95ED28B2C43D3E3002D118B /* Reviewers_2.swift */; };
		F95ED28E2C43D3E7002D118B /* Users_1.swift in Sources */ = {isa = PBXBuildFile; fileRef = F95ED28D2C43D3E7002D118B /* Users_1.swift */; };
		F95ED2902C43D3EA002D118B /* Users_2.swift in Sources */ = {isa = PBXBuildFile; fileRef = F95ED28F2C43D3EA002D118B /* Users_2.swift */; };
		F95ED2922C43D3ED002D118B /* Users_3.swift in Sources */ = {isa = PBXBuildFile; fileRef = F95ED2912C43D3ED002D118B /* Users_3.swift */; };
		F95ED2942C43D514002D118B /* adds_d.swift in Sources */ = {isa = PBXBuildFile; fileRef = F95ED2932C43D514002D118B /* adds_d.swift */; };
		F95ED2962C43D518002D118B /* adds_s.swift in Sources */ = {isa = PBXBuildFile; fileRef = F95ED2952C43D518002D118B /* adds_s.swift */; };
		F95ED2982C43D51B002D118B /* adds_w.swift in Sources */ = {isa = PBXBuildFile; fileRef = F95ED2972C43D51B002D118B /* adds_w.swift */; };
/* End PBXBuildFile section */

/* Begin PBXFileReference section */
		F95ED26F2C43D372002D118B /* App723.app */ = {isa = PBXFileReference; explicitFileType = wrapper.application; includeInIndex = 0; path = App723.app; sourceTree = BUILT_PRODUCTS_DIR; };
		F95ED2722C43D372002D118B /* App723App.swift */ = {isa = PBXFileReference; lastKnownFileType = sourcecode.swift; path = App723App.swift; sourceTree = "<group>"; };
		F95ED2742C43D372002D118B /* ContentView.swift */ = {isa = PBXFileReference; lastKnownFileType = sourcecode.swift; path = ContentView.swift; sourceTree = "<group>"; };
		F95ED2762C43D374002D118B /* Assets.xcassets */ = {isa = PBXFileReference; lastKnownFileType = folder.assetcatalog; path = Assets.xcassets; sourceTree = "<group>"; };
		F95ED2792C43D374002D118B /* Preview Assets.xcassets */ = {isa = PBXFileReference; lastKnownFileType = folder.assetcatalog; path = "Preview Assets.xcassets"; sourceTree = "<group>"; };
		F95ED2802C43D3A8002D118B /* Launch Screen.storyboard */ = {isa = PBXFileReference; lastKnownFileType = file.storyboard; path = "Launch Screen.storyboard"; sourceTree = "<group>"; };
		F95ED2832C43D3CF002D118B /* LoadingView.swift */ = {isa = PBXFileReference; lastKnownFileType = sourcecode.swift; path = LoadingView.swift; sourceTree = "<group>"; };
		F95ED2892C43D3DF002D118B /* Reviewers_1.swift */ = {isa = PBXFileReference; lastKnownFileType = sourcecode.swift; path = Reviewers_1.swift; sourceTree = "<group>"; };
		F95ED28B2C43D3E3002D118B /* Reviewers_2.swift */ = {isa = PBXFileReference; lastKnownFileType = sourcecode.swift; path = Reviewers_2.swift; sourceTree = "<group>"; };
		F95ED28D2C43D3E7002D118B /* Users_1.swift */ = {isa = PBXFileReference; lastKnownFileType = sourcecode.swift; path = Users_1.swift; sourceTree = "<group>"; };
		F95ED28F2C43D3EA002D118B /* Users_2.swift */ = {isa = PBXFileReference; lastKnownFileType = sourcecode.swift; path = Users_2.swift; sourceTree = "<group>"; };
		F95ED2912C43D3ED002D118B /* Users_3.swift */ = {isa = PBXFileReference; lastKnownFileType = sourcecode.swift; path = Users_3.swift; sourceTree = "<group>"; };
		F95ED2932C43D514002D118B /* adds_d.swift */ = {isa = PBXFileReference; lastKnownFileType = sourcecode.swift; path = adds_d.swift; sourceTree = "<group>"; };
		F95ED2952C43D518002D118B /* adds_s.swift */ = {isa = PBXFileReference; lastKnownFileType = sourcecode.swift; path = adds_s.swift; sourceTree = "<group>"; };
		F95ED2972C43D51B002D118B /* adds_w.swift */ = {isa = PBXFileReference; lastKnownFileType = sourcecode.swift; path = adds_w.swift; sourceTree = "<group>"; };
/* End PBXFileReference section */

/* Begin PBXFrameworksBuildPhase section */
		F95ED26C2C43D372002D118B /* Frameworks */ = {
			isa = PBXFrameworksBuildPhase;
			buildActionMask = 2147483647;
			files = (
			);
			runOnlyForDeploymentPostprocessing = 0;
		};
/* End PBXFrameworksBuildPhase section */

/* Begin PBXGroup section */
		F95ED2662C43D372002D118B = {
			isa = PBXGroup;
			children = (
				F95ED2712C43D372002D118B /* App723 */,
				F95ED2702C43D372002D118B /* Products */,
			);
			sourceTree = "<group>";
		};
		F95ED2702C43D372002D118B /* Products */ = {
			isa = PBXGroup;
			children = (
				F95ED26F2C43D372002D118B /* App723.app */,
			);
			name = Products;
			sourceTree = "<group>";
		};
		F95ED2712C43D372002D118B /* App723 */ = {
			isa = PBXGroup;
			children = (
				F95ED2722C43D372002D118B /* App723App.swift */,
				F95ED2742C43D372002D118B /* ContentView.swift */,
				F95ED2822C43D3C7002D118B /* Mainer */,
				F95ED2802C43D3A8002D118B /* Launch Screen.storyboard */,
				F95ED2762C43D374002D118B /* Assets.xcassets */,
				F95ED2782C43D374002D118B /* Preview Content */,
			);
			path = App723;
			sourceTree = "<group>";
		};
		F95ED2782C43D374002D118B /* Preview Content */ = {
			isa = PBXGroup;
			children = (
				F95ED2792C43D374002D118B /* Preview Assets.xcassets */,
			);
			path = "Preview Content";
			sourceTree = "<group>";
		};
		F95ED2822C43D3C7002D118B /* Mainer */ = {
			isa = PBXGroup;
			children = (
				F95ED2852C43D3D2002D118B /* Adds */,
				F95ED2832C43D3CF002D118B /* LoadingView.swift */,
				F95ED2862C43D3D5002D118B /* Splashs */,
			);
			path = Mainer;
			sourceTree = "<group>";
		};
		F95ED2852C43D3D2002D118B /* Adds */ = {
			isa = PBXGroup;
			children = (
				F95ED2932C43D514002D118B /* adds_d.swift */,
				F95ED2952C43D518002D118B /* adds_s.swift */,
				F95ED2972C43D51B002D118B /* adds_w.swift */,
			);
			path = Adds;
			sourceTree = "<group>";
		};
		F95ED2862C43D3D5002D118B /* Splashs */ = {
			isa = PBXGroup;
			children = (
				F95ED2882C43D3DB002D118B /* Reviewers */,
				F95ED2872C43D3D8002D118B /* Users */,
			);
			path = Splashs;
			sourceTree = "<group>";
		};
		F95ED2872C43D3D8002D118B /* Users */ = {
			isa = PBXGroup;
			children = (
				F95ED28D2C43D3E7002D118B /* Users_1.swift */,
				F95ED28F2C43D3EA002D118B /* Users_2.swift */,
				F95ED2912C43D3ED002D118B /* Users_3.swift */,
			);
			path = Users;
			sourceTree = "<group>";
		};
		F95ED2882C43D3DB002D118B /* Reviewers */ = {
			isa = PBXGroup;
			children = (
				F95ED2892C43D3DF002D118B /* Reviewers_1.swift */,
				F95ED28B2C43D3E3002D118B /* Reviewers_2.swift */,
			);
			path = Reviewers;
			sourceTree = "<group>";
		};
/* End PBXGroup section */

/* Begin PBXNativeTarget section */
		F95ED26E2C43D372002D118B /* App723 */ = {
			isa = PBXNativeTarget;
			buildConfigurationList = F95ED27D2C43D374002D118B /* Build configuration list for PBXNativeTarget "App723" */;
			buildPhases = (
				F95ED26B2C43D372002D118B /* Sources */,
				F95ED26C2C43D372002D118B /* Frameworks */,
				F95ED26D2C43D372002D118B /* Resources */,
			);
			buildRules = (
			);
			dependencies = (
			);
			name = App723;
			productName = App723;
			productReference = F95ED26F2C43D372002D118B /* App723.app */;
			productType = "com.apple.product-type.application";
		};
/* End PBXNativeTarget section */

/* Begin PBXProject section */
		F95ED2672C43D372002D118B /* Project object */ = {
			isa = PBXProject;
			attributes = {
				BuildIndependentTargetsInParallel = 1;
				LastSwiftUpdateCheck = 1530;
				LastUpgradeCheck = 1530;
				TargetAttributes = {
					F95ED26E2C43D372002D118B = {
						CreatedOnToolsVersion = 15.3;
					};
				};
			};
			buildConfigurationList = F95ED26A2C43D372002D118B /* Build configuration list for PBXProject "App723" */;
			compatibilityVersion = "Xcode 14.0";
			developmentRegion = en;
			hasScannedForEncodings = 0;
			knownRegions = (
				en,
				Base,
			);
			mainGroup = F95ED2662C43D372002D118B;
			productRefGroup = F95ED2702C43D372002D118B /* Products */;
			projectDirPath = "";
			projectRoot = "";
			targets = (
				F95ED26E2C43D372002D118B /* App723 */,
			);
		};
/* End PBXProject section */

/* Begin PBXResourcesBuildPhase section */
		F95ED26D2C43D372002D118B /* Resources */ = {
			isa = PBXResourcesBuildPhase;
			buildActionMask = 2147483647;
			files = (
				F95ED2812C43D3A8002D118B /* Launch Screen.storyboard in Resources */,
				F95ED27A2C43D374002D118B /* Preview Assets.xcassets in Resources */,
				F95ED2772C43D374002D118B /* Assets.xcassets in Resources */,
			);
			runOnlyForDeploymentPostprocessing = 0;
		};
/* End PBXResourcesBuildPhase section */

/* Begin PBXSourcesBuildPhase section */
		F95ED26B2C43D372002D118B /* Sources */ = {
			isa = PBXSourcesBuildPhase;
			buildActionMask = 2147483647;
			files = (
				F95ED2902C43D3EA002D118B /* Users_2.swift in Sources */,
				F95ED2962C43D518002D118B /* adds_s.swift in Sources */,
				F95ED2982C43D51B002D118B /* adds_w.swift in Sources */,
				F95ED28E2C43D3E7002D118B /* Users_1.swift in Sources */,
				F95ED2942C43D514002D118B /* adds_d.swift in Sources */,
				F95ED28A2C43D3DF002D118B /* Reviewers_1.swift in Sources */,
				F95ED28C2C43D3E3002D118B /* Reviewers_2.swift in Sources */,
				F95ED2922C43D3ED002D118B /* Users_3.swift in Sources */,
				F95ED2752C43D372002D118B /* ContentView.swift in Sources */,
				F95ED2732C43D372002D118B /* App723App.swift in Sources */,
				F95ED2842C43D3CF002D118B /* LoadingView.swift in Sources */,
			);
			runOnlyForDeploymentPostprocessing = 0;
		};
/* End PBXSourcesBuildPhase section */

/* Begin XCBuildConfiguration section */
		F95ED27B2C43D374002D118B /* Debug */ = {
			isa = XCBuildConfiguration;
			buildSettings = {
				ALWAYS_SEARCH_USER_PATHS = NO;
				ASSETCATALOG_COMPILER_GENERATE_SWIFT_ASSET_SYMBOL_EXTENSIONS = YES;
				CLANG_ANALYZER_NONNULL = YES;
				CLANG_ANALYZER_NUMBER_OBJECT_CONVERSION = YES_AGGRESSIVE;
				CLANG_CXX_LANGUAGE_STANDARD = "gnu++20";
				CLANG_ENABLE_MODULES = YES;
				CLANG_ENABLE_OBJC_ARC = YES;
				CLANG_ENABLE_OBJC_WEAK = YES;
				CLANG_WARN_BLOCK_CAPTURE_AUTORELEASING = YES;
				CLANG_WARN_BOOL_CONVERSION = YES;
				CLANG_WARN_COMMA = YES;
				CLANG_WARN_CONSTANT_CONVERSION = YES;
				CLANG_WARN_DEPRECATED_OBJC_IMPLEMENTATIONS = YES;
				CLANG_WARN_DIRECT_OBJC_ISA_USAGE = YES_ERROR;
				CLANG_WARN_DOCUMENTATION_COMMENTS = YES;
				CLANG_WARN_EMPTY_BODY = YES;
				CLANG_WARN_ENUM_CONVERSION = YES;
				CLANG_WARN_INFINITE_RECURSION = YES;
				CLANG_WARN_INT_CONVERSION = YES;
				CLANG_WARN_NON_LITERAL_NULL_CONVERSION = YES;
				CLANG_WARN_OBJC_IMPLICIT_RETAIN_SELF = YES;
				CLANG_WARN_OBJC_LITERAL_CONVERSION = YES;
				CLANG_WARN_OBJC_ROOT_CLASS = YES_ERROR;
				CLANG_WARN_QUOTED_INCLUDE_IN_FRAMEWORK_HEADER = YES;
				CLANG_WARN_RANGE_LOOP_ANALYSIS = YES;
				CLANG_WARN_STRICT_PROTOTYPES = YES;
				CLANG_WARN_SUSPICIOUS_MOVE = YES;
				CLANG_WARN_UNGUARDED_AVAILABILITY = YES_AGGRESSIVE;
				CLANG_WARN_UNREACHABLE_CODE = YES;
				CLANG_WARN__DUPLICATE_METHOD_MATCH = YES;
				COPY_PHASE_STRIP = NO;
				DEBUG_INFORMATION_FORMAT = dwarf;
				ENABLE_STRICT_OBJC_MSGSEND = YES;
				ENABLE_TESTABILITY = YES;
				ENABLE_USER_SCRIPT_SANDBOXING = YES;
				GCC_C_LANGUAGE_STANDARD = gnu17;
				GCC_DYNAMIC_NO_PIC = NO;
				GCC_NO_COMMON_BLOCKS = YES;
				GCC_OPTIMIZATION_LEVEL = 0;
				GCC_PREPROCESSOR_DEFINITIONS = (
					"DEBUG=1",
					"$(inherited)",
				);
				GCC_WARN_64_TO_32_BIT_CONVERSION = YES;
				GCC_WARN_ABOUT_RETURN_TYPE = YES_ERROR;
				GCC_WARN_UNDECLARED_SELECTOR = YES;
				GCC_WARN_UNINITIALIZED_AUTOS = YES_AGGRESSIVE;
				GCC_WARN_UNUSED_FUNCTION = YES;
				GCC_WARN_UNUSED_VARIABLE = YES;
				IPHONEOS_DEPLOYMENT_TARGET = 14.0;
				LOCALIZATION_PREFERS_STRING_CATALOGS = YES;
				MTL_ENABLE_DEBUG_INFO = INCLUDE_SOURCE;
				MTL_FAST_MATH = YES;
				ONLY_ACTIVE_ARCH = YES;
				SDKROOT = iphoneos;
				SWIFT_ACTIVE_COMPILATION_CONDITIONS = "DEBUG $(inherited)";
				SWIFT_OPTIMIZATION_LEVEL = "-Onone";
			};
			name = Debug;
		};
		F95ED27C2C43D374002D118B /* Release */ = {
			isa = XCBuildConfiguration;
			buildSettings = {
				ALWAYS_SEARCH_USER_PATHS = NO;
				ASSETCATALOG_COMPILER_GENERATE_SWIFT_ASSET_SYMBOL_EXTENSIONS = YES;
				CLANG_ANALYZER_NONNULL = YES;
				CLANG_ANALYZER_NUMBER_OBJECT_CONVERSION = YES_AGGRESSIVE;
				CLANG_CXX_LANGUAGE_STANDARD = "gnu++20";
				CLANG_ENABLE_MODULES = YES;
				CLANG_ENABLE_OBJC_ARC = YES;
				CLANG_ENABLE_OBJC_WEAK = YES;
				CLANG_WARN_BLOCK_CAPTURE_AUTORELEASING = YES;
				CLANG_WARN_BOOL_CONVERSION = YES;
				CLANG_WARN_COMMA = YES;
				CLANG_WARN_CONSTANT_CONVERSION = YES;
				CLANG_WARN_DEPRECATED_OBJC_IMPLEMENTATIONS = YES;
				CLANG_WARN_DIRECT_OBJC_ISA_USAGE = YES_ERROR;
				CLANG_WARN_DOCUMENTATION_COMMENTS = YES;
				CLANG_WARN_EMPTY_BODY = YES;
				CLANG_WARN_ENUM_CONVERSION = YES;
				CLANG_WARN_INFINITE_RECURSION = YES;
				CLANG_WARN_INT_CONVERSION = YES;
				CLANG_WARN_NON_LITERAL_NULL_CONVERSION = YES;
				CLANG_WARN_OBJC_IMPLICIT_RETAIN_SELF = YES;
				CLANG_WARN_OBJC_LITERAL_CONVERSION = YES;
				CLANG_WARN_OBJC_ROOT_CLASS = YES_ERROR;
				CLANG_WARN_QUOTED_INCLUDE_IN_FRAMEWORK_HEADER = YES;
				CLANG_WARN_RANGE_LOOP_ANALYSIS = YES;
				CLANG_WARN_STRICT_PROTOTYPES = YES;
				CLANG_WARN_SUSPICIOUS_MOVE = YES;
				CLANG_WARN_UNGUARDED_AVAILABILITY = YES_AGGRESSIVE;
				CLANG_WARN_UNREACHABLE_CODE = YES;
				CLANG_WARN__DUPLICATE_METHOD_MATCH = YES;
				COPY_PHASE_STRIP = NO;
				DEBUG_INFORMATION_FORMAT = "dwarf-with-dsym";
				ENABLE_NS_ASSERTIONS = NO;
				ENABLE_STRICT_OBJC_MSGSEND = YES;
				ENABLE_USER_SCRIPT_SANDBOXING = YES;
				GCC_C_LANGUAGE_STANDARD = gnu17;
				GCC_NO_COMMON_BLOCKS = YES;
				GCC_WARN_64_TO_32_BIT_CONVERSION = YES;
				GCC_WARN_ABOUT_RETURN_TYPE = YES_ERROR;
				GCC_WARN_UNDECLARED_SELECTOR = YES;
				GCC_WARN_UNINITIALIZED_AUTOS = YES_AGGRESSIVE;
				GCC_WARN_UNUSED_FUNCTION = YES;
				GCC_WARN_UNUSED_VARIABLE = YES;
				IPHONEOS_DEPLOYMENT_TARGET = 14.0;
				LOCALIZATION_PREFERS_STRING_CATALOGS = YES;
				MTL_ENABLE_DEBUG_INFO = NO;
				MTL_FAST_MATH = YES;
				SDKROOT = iphoneos;
				SWIFT_COMPILATION_MODE = wholemodule;
				VALIDATE_PRODUCT = YES;
			};
			name = Release;
		};
		F95ED27E2C43D374002D118B /* Debug */ = {
			isa = XCBuildConfiguration;
			buildSettings = {
				ASSETCATALOG_COMPILER_APPICON_NAME = AppIcon;
				ASSETCATALOG_COMPILER_GLOBAL_ACCENT_COLOR_NAME = AccentColor;
				CODE_SIGN_STYLE = Automatic;
				CURRENT_PROJECT_VERSION = 1;
				DEVELOPMENT_ASSET_PATHS = "\"App723/Preview Content\"";
				ENABLE_PREVIEWS = YES;
				GENERATE_INFOPLIST_FILE = YES;
				INFOPLIST_KEY_CFBundleDisplayName = "Dynamic Workout";
				INFOPLIST_KEY_UIApplicationSceneManifest_Generation = YES;
				INFOPLIST_KEY_UIApplicationSupportsIndirectInputEvents = YES;
				INFOPLIST_KEY_UILaunchScreen_Generation = YES;
				INFOPLIST_KEY_UILaunchStoryboardName = "Launch Screen.storyboard";
				INFOPLIST_KEY_UISupportedInterfaceOrientations = UIInterfaceOrientationPortrait;
				INFOPLIST_KEY_UISupportedInterfaceOrientations_iPad = "UIInterfaceOrientationLandscapeLeft UIInterfaceOrientationLandscapeRight UIInterfaceOrientationPortrait UIInterfaceOrientationPortraitUpsideDown";
				LD_RUNPATH_SEARCH_PATHS = (
					"$(inherited)",
					"@executable_path/Frameworks",
				);
				MARKETING_VERSION = 1.0;
				PRODUCT_BUNDLE_IDENTIFIER = main.App723;
				PRODUCT_NAME = "$(TARGET_NAME)";
				SUPPORTED_PLATFORMS = "iphoneos iphonesimulator";
				SUPPORTS_MACCATALYST = NO;
				SUPPORTS_MAC_DESIGNED_FOR_IPHONE_IPAD = NO;
				SUPPORTS_XR_DESIGNED_FOR_IPHONE_IPAD = NO;
				SWIFT_EMIT_LOC_STRINGS = YES;
				SWIFT_VERSION = 5.0;
				TARGETED_DEVICE_FAMILY = 1;
			};
			name = Debug;
		};
		F95ED27F2C43D374002D118B /* Release */ = {
			isa = XCBuildConfiguration;
			buildSettings = {
				ASSETCATALOG_COMPILER_APPICON_NAME = AppIcon;
				ASSETCATALOG_COMPILER_GLOBAL_ACCENT_COLOR_NAME = AccentColor;
				CODE_SIGN_STYLE = Automatic;
				CURRENT_PROJECT_VERSION = 1;
				DEVELOPMENT_ASSET_PATHS = "\"App723/Preview Content\"";
				ENABLE_PREVIEWS = YES;
				GENERATE_INFOPLIST_FILE = YES;
				INFOPLIST_KEY_CFBundleDisplayName = "Dynamic Workout";
				INFOPLIST_KEY_UIApplicationSceneManifest_Generation = YES;
				INFOPLIST_KEY_UIApplicationSupportsIndirectInputEvents = YES;
				INFOPLIST_KEY_UILaunchScreen_Generation = YES;
				INFOPLIST_KEY_UILaunchStoryboardName = "Launch Screen.storyboard";
				INFOPLIST_KEY_UISupportedInterfaceOrientations = UIInterfaceOrientationPortrait;
				INFOPLIST_KEY_UISupportedInterfaceOrientations_iPad = "UIInterfaceOrientationLandscapeLeft UIInterfaceOrientationLandscapeRight UIInterfaceOrientationPortrait UIInterfaceOrientationPortraitUpsideDown";
				LD_RUNPATH_SEARCH_PATHS = (
					"$(inherited)",
					"@executable_path/Frameworks",
				);
				MARKETING_VERSION = 1.0;
				PRODUCT_BUNDLE_IDENTIFIER = main.App723;
				PRODUCT_NAME = "$(TARGET_NAME)";
				SUPPORTED_PLATFORMS = "iphoneos iphonesimulator";
				SUPPORTS_MACCATALYST = NO;
				SUPPORTS_MAC_DESIGNED_FOR_IPHONE_IPAD = NO;
				SUPPORTS_XR_DESIGNED_FOR_IPHONE_IPAD = NO;
				SWIFT_EMIT_LOC_STRINGS = YES;
				SWIFT_VERSION = 5.0;
				TARGETED_DEVICE_FAMILY = 1;
			};
			name = Release;
		};
/* End XCBuildConfiguration section */

/* Begin XCConfigurationList section */
		F95ED26A2C43D372002D118B /* Build configuration list for PBXProject "App723" */ = {
			isa = XCConfigurationList;
			buildConfigurations = (
				F95ED27B2C43D374002D118B /* Debug */,
				F95ED27C2C43D374002D118B /* Release */,
			);
			defaultConfigurationIsVisible = 0;
			defaultConfigurationName = Release;
		};
		F95ED27D2C43D374002D118B /* Build configuration list for PBXNativeTarget "App723" */ = {
			isa = XCConfigurationList;
			buildConfigurations = (
				F95ED27E2C43D374002D118B /* Debug */,
				F95ED27F2C43D374002D118B /* Release */,
			);
			defaultConfigurationIsVisible = 0;
			defaultConfigurationName = Release;
		};
/* End XCConfigurationList section */
	};
	rootObject = F95ED2672C43D372002D118B /* Project object */;
}
